{
  "nodes": {
    "nixpkgs": {
      "locked": {
        "lastModified": 1710779737,
        "narHash": "sha256-MTRFDNry29th6KzUUNa5t7Av2dshDAsBwxQrE2lLlfg=",
        "owner": "NixOS",
        "repo": "nixpkgs",
        "rev": "4461faeee70a80ca86e292947eb324615e1e5228",
        "type": "github"
      },
      "original": {
        "owner": "NixOS",
        "repo": "nixpkgs",
        "type": "github"
      }
    },
    "root": {
      "inputs": {
        "nixpkgs": "nixpkgs"
      }
    }
  },
  "root": "root",
  "version": 7
}
